
Microsoft Visual Studio Solution File, Format Version 12.00
# Visual Studio Version 16
VisualStudioVersion = 16.0.30011.22
MinimumVisualStudioVersion = 10.0.40219.1
Project("{FAE04EC0-301F-11D3-BF4B-00C04F79EFBC}") = "DataAccess", "DataAccess\DataAccess.csproj", "{05566C6B-6F0B-449E-A6EE-84ECCB937B4F}"
EndProject
Project("{FAE04EC0-301F-11D3-BF4B-00C04F79EFBC}") = "Business", "Business\Business.csproj", "{41AA010C-0B38-48AE-B3CF-270A7790CCAA}"
EndProject
Project("{FAE04EC0-301F-11D3-BF4B-00C04F79EFBC}") = "Entities", "Entities\Entities.csproj", "{11200CE8-F02D-4C47-A7E5-9302831BB5A4}"
EndProject
Project("{FAE04EC0-301F-11D3-BF4B-00C04F79EFBC}") = "ConsoleUI", "ConsoleUI\ConsoleUI.csproj", "{04036933-E2BD-4DA6-BBA7-9D4FA5BFB6E2}"
EndProject
Global
	GlobalSection(SolutionConfigurationPlatforms) = preSolution
		Debug|Any CPU = Debug|Any CPU
		Release|Any CPU = Release|Any CPU
	EndGlobalSection
	GlobalSection(ProjectConfigurationPlatforms) = postSolution
		{05566C6B-6F0B-449E-A6EE-84ECCB937B4F}.Debug|Any CPU.ActiveCfg = Debug|Any CPU
		{05566C6B-6F0B-449E-A6EE-84ECCB937B4F}.Debug|Any CPU.Build.0 = Debug|Any CPU
		{05566C6B-6F0B-449E-A6EE-84ECCB937B4F}.Release|Any CPU.ActiveCfg = Release|Any CPU
		{05566C6B-6F0B-449E-A6EE-84ECCB937B4F}.Release|Any CPU.Build.0 = Release|Any CPU
		{41AA010C-0B38-48AE-B3CF-270A7790CCAA}.Debug|Any CPU.ActiveCfg = Debug|Any CPU
		{41AA010C-0B38-48AE-B3CF-270A7790CCAA}.Debug|Any CPU.Build.0 = Debug|Any CPU
		{41AA010C-0B38-48AE-B3CF-270A7790CCAA}.Release|Any CPU.ActiveCfg = Release|Any CPU
		{41AA010C-0B38-48AE-B3CF-270A7790CCAA}.Release|Any CPU.Build.0 = Release|Any CPU
		{11200CE8-F02D-4C47-A7E5-9302831BB5A4}.Debug|Any CPU.ActiveCfg = Debug|Any CPU
		{11200CE8-F02D-4C47-A7E5-9302831BB5A4}.Debug|Any CPU.Build.0 = Debug|Any CPU
		{11200CE8-F02D-4C47-A7E5-9302831BB5A4}.Release|Any CPU.ActiveCfg = Release|Any CPU
		{11200CE8-F02D-4C47-A7E5-9302831BB5A4}.Release|Any CPU.Build.0 = Release|Any CPU
		{04036933-E2BD-4DA6-BBA7-9D4FA5BFB6E2}.Debug|Any CPU.ActiveCfg = Debug|Any CPU
		{04036933-E2BD-4DA6-BBA7-9D4FA5BFB6E2}.Debug|Any CPU.Build.0 = Debug|Any CPU
		{04036933-E2BD-4DA6-BBA7-9D4FA5BFB6E2}.Release|Any CPU.ActiveCfg = Release|Any CPU
		{04036933-E2BD-4DA6-BBA7-9D4FA5BFB6E2}.Release|Any CPU.Build.0 = Release|Any CPU
	EndGlobalSection
	GlobalSection(SolutionProperties) = preSolution
		HideSolutionNode = FALSE
	EndGlobalSection
	GlobalSection(ExtensibilityGlobals) = postSolution
		SolutionGuid = {D1783826-1620-4832-B0D8-889D1035765D}
	EndGlobalSection
EndGlobal
